
Microsoft Visual Studio Solution File, Format Version 12.00
# Visual Studio Version 17
VisualStudioVersion = 17.9.34728.123
MinimumVisualStudioVersion = 10.0.40219.1
Project("{FAE04EC0-301F-11D3-BF4B-00C04F79EFBC}") = "todoAppBlazorUI", "todoAppBlazorUI\todoAppBlazorUI.csproj", "{5812409F-48A1-498E-BF7B-6FFB58B7AB0F}"
EndProject
Global
	GlobalSection(SolutionConfigurationPlatforms) = preSolution
		Debug|Any CPU = Debug|Any CPU
		Release|Any CPU = Release|Any CPU
	EndGlobalSection
	GlobalSection(ProjectConfigurationPlatforms) = postSolution
		{5812409F-48A1-498E-BF7B-6FFB58B7AB0F}.Debug|Any CPU.ActiveCfg = Debug|Any CPU
		{5812409F-48A1-498E-BF7B-6FFB58B7AB0F}.Debug|Any CPU.Build.0 = Debug|Any CPU
		{5812409F-48A1-498E-BF7B-6FFB58B7AB0F}.Release|Any CPU.ActiveCfg = Release|Any CPU
		{5812409F-48A1-498E-BF7B-6FFB58B7AB0F}.Release|Any CPU.Build.0 = Release|Any CPU
	EndGlobalSection
	GlobalSection(SolutionProperties) = preSolution
		HideSolutionNode = FALSE
	EndGlobalSection
	GlobalSection(ExtensibilityGlobals) = postSolution
		SolutionGuid = {5F5027A6-CE76-44D5-9297-95CE8EE69F50}
	EndGlobalSection
EndGlobal
